
Microsoft Visual Studio Solution File, Format Version 12.00
# Visual Studio Version 17
VisualStudioVersion = 17.7.34018.315
MinimumVisualStudioVersion = 10.0.40219.1
Project("{FAE04EC0-301F-11D3-BF4B-00C04F79EFBC}") = "practice_scabrats", "practice_scabrats\practice_scabrats.csproj", "{5B338C14-4333-4042-ABFD-F0C8AC9C7FF0}"
EndProject
Global
	GlobalSection(SolutionConfigurationPlatforms) = preSolution
		Debug|Any CPU = Debug|Any CPU
		Release|Any CPU = Release|Any CPU
	EndGlobalSection
	GlobalSection(ProjectConfigurationPlatforms) = postSolution
		{5B338C14-4333-4042-ABFD-F0C8AC9C7FF0}.Debug|Any CPU.ActiveCfg = Debug|Any CPU
		{5B338C14-4333-4042-ABFD-F0C8AC9C7FF0}.Debug|Any CPU.Build.0 = Debug|Any CPU
		{5B338C14-4333-4042-ABFD-F0C8AC9C7FF0}.Release|Any CPU.ActiveCfg = Release|Any CPU
		{5B338C14-4333-4042-ABFD-F0C8AC9C7FF0}.Release|Any CPU.Build.0 = Release|Any CPU
	EndGlobalSection
	GlobalSection(SolutionProperties) = preSolution
		HideSolutionNode = FALSE
	EndGlobalSection
	GlobalSection(ExtensibilityGlobals) = postSolution
		SolutionGuid = {2D7F768E-924F-4CE3-9D9E-54398C181112}
	EndGlobalSection
EndGlobal
